
Microsoft Visual Studio Solution File, Format Version 12.00
# Visual Studio Version 16
VisualStudioVersion = 16.0.30621.155
MinimumVisualStudioVersion = 10.0.40219.1
Project("{FAE04EC0-301F-11D3-BF4B-00C04F79EFBC}") = "Game", "Game\Game.csproj", "{04BAE9BD-4014-43B3-972B-840C83479D69}"
EndProject
Global
	GlobalSection(SolutionConfigurationPlatforms) = preSolution
		Debug|Any CPU = Debug|Any CPU
		Release|Any CPU = Release|Any CPU
	EndGlobalSection
	GlobalSection(ProjectConfigurationPlatforms) = postSolution
		{04BAE9BD-4014-43B3-972B-840C83479D69}.Debug|Any CPU.ActiveCfg = Debug|Any CPU
		{04BAE9BD-4014-43B3-972B-840C83479D69}.Debug|Any CPU.Build.0 = Debug|Any CPU
		{04BAE9BD-4014-43B3-972B-840C83479D69}.Release|Any CPU.ActiveCfg = Release|Any CPU
		{04BAE9BD-4014-43B3-972B-840C83479D69}.Release|Any CPU.Build.0 = Release|Any CPU
	EndGlobalSection
	GlobalSection(SolutionProperties) = preSolution
		HideSolutionNode = FALSE
	EndGlobalSection
	GlobalSection(ExtensibilityGlobals) = postSolution
		SolutionGuid = {7AF00E5F-375D-49C9-9113-7F18E8BB2760}
	EndGlobalSection
EndGlobal
